
Microsoft Visual Studio Solution File, Format Version 12.00
# Visual Studio Version 17
VisualStudioVersion = 17.0.31903.59
MinimumVisualStudioVersion = 10.0.40219.1
Project("{FAE04EC0-301F-11D3-BF4B-00C04F79EFBC}") = "AppAudit.Contracts", "AppAudit.Contracts\AppAudit.Contracts.csproj", "{A5709E9D-075A-4ADD-84C6-61F2EF05D4E4}"
EndProject
Project("{FAE04EC0-301F-11D3-BF4B-00C04F79EFBC}") = "AppAudit.Api", "AppAudit.Api\AppAudit.Api.csproj", "{152F60BB-1118-4636-B1FF-781E660EDEF3}"
EndProject
Project("{FAE04EC0-301F-11D3-BF4B-00C04F79EFBC}") = "AppAudit.Web", "AppAudit.Web\AppAudit.Web.csproj", "{0D23BEBB-998E-4CE4-BA2B-34A0EA1972D5}"
EndProject
Project("{FAE04EC0-301F-11D3-BF4B-00C04F79EFBC}") = "AppAudit.Collector", "AppAudit.Collector\AppAudit.Collector.csproj", "{DFFF7387-8F67-45C2-A817-2CBA474269A9}"
EndProject
Project("{FAE04EC0-301F-11D3-BF4B-00C04F79EFBC}") = "AppAudit.Application", "AppAudit.Application\AppAudit.Application.csproj", "{8A5E1904-4255-4F3F-A775-C9C75A4EB981}"
EndProject
Global
	GlobalSection(SolutionConfigurationPlatforms) = preSolution
		Debug|Any CPU = Debug|Any CPU
		Debug|x64 = Debug|x64
		Debug|x86 = Debug|x86
		Release|Any CPU = Release|Any CPU
		Release|x64 = Release|x64
		Release|x86 = Release|x86
	EndGlobalSection
	GlobalSection(ProjectConfigurationPlatforms) = postSolution
		{A5709E9D-075A-4ADD-84C6-61F2EF05D4E4}.Debug|Any CPU.ActiveCfg = Debug|Any CPU
		{A5709E9D-075A-4ADD-84C6-61F2EF05D4E4}.Debug|Any CPU.Build.0 = Debug|Any CPU
		{A5709E9D-075A-4ADD-84C6-61F2EF05D4E4}.Debug|x64.ActiveCfg = Debug|Any CPU
		{A5709E9D-075A-4ADD-84C6-61F2EF05D4E4}.Debug|x64.Build.0 = Debug|Any CPU
		{A5709E9D-075A-4ADD-84C6-61F2EF05D4E4}.Debug|x86.ActiveCfg = Debug|Any CPU
		{A5709E9D-075A-4ADD-84C6-61F2EF05D4E4}.Debug|x86.Build.0 = Debug|Any CPU
		{A5709E9D-075A-4ADD-84C6-61F2EF05D4E4}.Release|Any CPU.ActiveCfg = Release|Any CPU
		{A5709E9D-075A-4ADD-84C6-61F2EF05D4E4}.Release|Any CPU.Build.0 = Release|Any CPU
		{A5709E9D-075A-4ADD-84C6-61F2EF05D4E4}.Release|x64.ActiveCfg = Release|Any CPU
		{A5709E9D-075A-4ADD-84C6-61F2EF05D4E4}.Release|x64.Build.0 = Release|Any CPU
		{A5709E9D-075A-4ADD-84C6-61F2EF05D4E4}.Release|x86.ActiveCfg = Release|Any CPU
		{A5709E9D-075A-4ADD-84C6-61F2EF05D4E4}.Release|x86.Build.0 = Release|Any CPU
		{152F60BB-1118-4636-B1FF-781E660EDEF3}.Debug|Any CPU.ActiveCfg = Debug|Any CPU
		{152F60BB-1118-4636-B1FF-781E660EDEF3}.Debug|Any CPU.Build.0 = Debug|Any CPU
		{152F60BB-1118-4636-B1FF-781E660EDEF3}.Debug|x64.ActiveCfg = Debug|Any CPU
		{152F60BB-1118-4636-B1FF-781E660EDEF3}.Debug|x64.Build.0 = Debug|Any CPU
		{152F60BB-1118-4636-B1FF-781E660EDEF3}.Debug|x86.ActiveCfg = Debug|Any CPU
		{152F60BB-1118-4636-B1FF-781E660EDEF3}.Debug|x86.Build.0 = Debug|Any CPU
		{152F60BB-1118-4636-B1FF-781E660EDEF3}.Release|Any CPU.ActiveCfg = Release|Any CPU
		{152F60BB-1118-4636-B1FF-781E660EDEF3}.Release|Any CPU.Build.0 = Release|Any CPU
		{152F60BB-1118-4636-B1FF-781E660EDEF3}.Release|x64.ActiveCfg = Release|Any CPU
		{152F60BB-1118-4636-B1FF-781E660EDEF3}.Release|x64.Build.0 = Release|Any CPU
		{152F60BB-1118-4636-B1FF-781E660EDEF3}.Release|x86.ActiveCfg = Release|Any CPU
		{152F60BB-1118-4636-B1FF-781E660EDEF3}.Release|x86.Build.0 = Release|Any CPU
		{0D23BEBB-998E-4CE4-BA2B-34A0EA1972D5}.Debug|Any CPU.ActiveCfg = Debug|Any CPU
		{0D23BEBB-998E-4CE4-BA2B-34A0EA1972D5}.Debug|Any CPU.Build.0 = Debug|Any CPU
		{0D23BEBB-998E-4CE4-BA2B-34A0EA1972D5}.Debug|x64.ActiveCfg = Debug|Any CPU
		{0D23BEBB-998E-4CE4-BA2B-34A0EA1972D5}.Debug|x64.Build.0 = Debug|Any CPU
		{0D23BEBB-998E-4CE4-BA2B-34A0EA1972D5}.Debug|x86.ActiveCfg = Debug|Any CPU
		{0D23BEBB-998E-4CE4-BA2B-34A0EA1972D5}.Debug|x86.Build.0 = Debug|Any CPU
		{0D23BEBB-998E-4CE4-BA2B-34A0EA1972D5}.Release|Any CPU.ActiveCfg = Release|Any CPU
		{0D23BEBB-998E-4CE4-BA2B-34A0EA1972D5}.Release|Any CPU.Build.0 = Release|Any CPU
		{0D23BEBB-998E-4CE4-BA2B-34A0EA1972D5}.Release|x64.ActiveCfg = Release|Any CPU
		{0D23BEBB-998E-4CE4-BA2B-34A0EA1972D5}.Release|x64.Build.0 = Release|Any CPU
		{0D23BEBB-998E-4CE4-BA2B-34A0EA1972D5}.Release|x86.ActiveCfg = Release|Any CPU
		{0D23BEBB-998E-4CE4-BA2B-34A0EA1972D5}.Release|x86.Build.0 = Release|Any CPU
		{DFFF7387-8F67-45C2-A817-2CBA474269A9}.Debug|Any CPU.ActiveCfg = Debug|Any CPU
		{DFFF7387-8F67-45C2-A817-2CBA474269A9}.Debug|Any CPU.Build.0 = Debug|Any CPU
		{DFFF7387-8F67-45C2-A817-2CBA474269A9}.Debug|x64.ActiveCfg = Debug|Any CPU
		{DFFF7387-8F67-45C2-A817-2CBA474269A9}.Debug|x64.Build.0 = Debug|Any CPU
		{DFFF7387-8F67-45C2-A817-2CBA474269A9}.Debug|x86.ActiveCfg = Debug|Any CPU
		{DFFF7387-8F67-45C2-A817-2CBA474269A9}.Debug|x86.Build.0 = Debug|Any CPU
		{DFFF7387-8F67-45C2-A817-2CBA474269A9}.Release|Any CPU.ActiveCfg = Release|Any CPU
		{DFFF7387-8F67-45C2-A817-2CBA474269A9}.Release|Any CPU.Build.0 = Release|Any CPU
		{DFFF7387-8F67-45C2-A817-2CBA474269A9}.Release|x64.ActiveCfg = Release|Any CPU
		{DFFF7387-8F67-45C2-A817-2CBA474269A9}.Release|x64.Build.0 = Release|Any CPU
		{DFFF7387-8F67-45C2-A817-2CBA474269A9}.Release|x86.ActiveCfg = Release|Any CPU
		{DFFF7387-8F67-45C2-A817-2CBA474269A9}.Release|x86.Build.0 = Release|Any CPU
		{8A5E1904-4255-4F3F-A775-C9C75A4EB981}.Debug|Any CPU.ActiveCfg = Debug|Any CPU
		{8A5E1904-4255-4F3F-A775-C9C75A4EB981}.Debug|Any CPU.Build.0 = Debug|Any CPU
		{8A5E1904-4255-4F3F-A775-C9C75A4EB981}.Debug|x64.ActiveCfg = Debug|Any CPU
		{8A5E1904-4255-4F3F-A775-C9C75A4EB981}.Debug|x64.Build.0 = Debug|Any CPU
		{8A5E1904-4255-4F3F-A775-C9C75A4EB981}.Debug|x86.ActiveCfg = Debug|Any CPU
		{8A5E1904-4255-4F3F-A775-C9C75A4EB981}.Debug|x86.Build.0 = Debug|Any CPU
		{8A5E1904-4255-4F3F-A775-C9C75A4EB981}.Release|Any CPU.ActiveCfg = Release|Any CPU
		{8A5E1904-4255-4F3F-A775-C9C75A4EB981}.Release|Any CPU.Build.0 = Release|Any CPU
		{8A5E1904-4255-4F3F-A775-C9C75A4EB981}.Release|x64.ActiveCfg = Release|Any CPU
		{8A5E1904-4255-4F3F-A775-C9C75A4EB981}.Release|x64.Build.0 = Release|Any CPU
		{8A5E1904-4255-4F3F-A775-C9C75A4EB981}.Release|x86.ActiveCfg = Release|Any CPU
		{8A5E1904-4255-4F3F-A775-C9C75A4EB981}.Release|x86.Build.0 = Release|Any CPU
	EndGlobalSection
	GlobalSection(SolutionProperties) = preSolution
		HideSolutionNode = FALSE
	EndGlobalSection
EndGlobal
