
Microsoft Visual Studio Solution File, Format Version 12.00
# Visual Studio Version 17
VisualStudioVersion = 17.14.36203.30
MinimumVisualStudioVersion = 10.0.40219.1
Project("{FAE04EC0-301F-11D3-BF4B-00C04F79EFBC}") = "AppAudit", "AppAudit\AppAudit.csproj", "{84D98A86-8063-47D4-82B3-26462F832888}"
EndProject
Project("{FAE04EC0-301F-11D3-BF4B-00C04F79EFBC}") = "AppAudit.Web", "AppAudit.Web\AppAudit.Web.csproj", "{102DD964-6D0C-4546-A6BD-1C5A2991FA02}"
EndProject
Project("{FAE04EC0-301F-11D3-BF4B-00C04F79EFBC}") = "AppAudit.Core", "AppAudit.Core\AppAudit.Core.csproj", "{EC128005-2B5E-466B-AAC4-D00673DDA68E}"
EndProject
Global
	GlobalSection(SolutionConfigurationPlatforms) = preSolution
		Debug|Any CPU = Debug|Any CPU
		Debug|x64 = Debug|x64
		Debug|x86 = Debug|x86
		Release|Any CPU = Release|Any CPU
		Release|x64 = Release|x64
		Release|x86 = Release|x86
	EndGlobalSection
	GlobalSection(ProjectConfigurationPlatforms) = postSolution
		{84D98A86-8063-47D4-82B3-26462F832888}.Debug|Any CPU.ActiveCfg = Debug|Any CPU
		{84D98A86-8063-47D4-82B3-26462F832888}.Debug|Any CPU.Build.0 = Debug|Any CPU
		{84D98A86-8063-47D4-82B3-26462F832888}.Debug|x64.ActiveCfg = Debug|Any CPU
		{84D98A86-8063-47D4-82B3-26462F832888}.Debug|x64.Build.0 = Debug|Any CPU
		{84D98A86-8063-47D4-82B3-26462F832888}.Debug|x86.ActiveCfg = Debug|Any CPU
		{84D98A86-8063-47D4-82B3-26462F832888}.Debug|x86.Build.0 = Debug|Any CPU
		{84D98A86-8063-47D4-82B3-26462F832888}.Release|Any CPU.ActiveCfg = Release|Any CPU
		{84D98A86-8063-47D4-82B3-26462F832888}.Release|Any CPU.Build.0 = Release|Any CPU
		{84D98A86-8063-47D4-82B3-26462F832888}.Release|x64.ActiveCfg = Release|Any CPU
		{84D98A86-8063-47D4-82B3-26462F832888}.Release|x64.Build.0 = Release|Any CPU
		{84D98A86-8063-47D4-82B3-26462F832888}.Release|x86.ActiveCfg = Release|Any CPU
		{84D98A86-8063-47D4-82B3-26462F832888}.Release|x86.Build.0 = Release|Any CPU
		{102DD964-6D0C-4546-A6BD-1C5A2991FA02}.Debug|Any CPU.ActiveCfg = Debug|Any CPU
		{102DD964-6D0C-4546-A6BD-1C5A2991FA02}.Debug|Any CPU.Build.0 = Debug|Any CPU
		{102DD964-6D0C-4546-A6BD-1C5A2991FA02}.Debug|x64.ActiveCfg = Debug|Any CPU
		{102DD964-6D0C-4546-A6BD-1C5A2991FA02}.Debug|x64.Build.0 = Debug|Any CPU
		{102DD964-6D0C-4546-A6BD-1C5A2991FA02}.Debug|x86.ActiveCfg = Debug|Any CPU
		{102DD964-6D0C-4546-A6BD-1C5A2991FA02}.Debug|x86.Build.0 = Debug|Any CPU
		{102DD964-6D0C-4546-A6BD-1C5A2991FA02}.Release|Any CPU.ActiveCfg = Release|Any CPU
		{102DD964-6D0C-4546-A6BD-1C5A2991FA02}.Release|Any CPU.Build.0 = Release|Any CPU
		{102DD964-6D0C-4546-A6BD-1C5A2991FA02}.Release|x64.ActiveCfg = Release|Any CPU
		{102DD964-6D0C-4546-A6BD-1C5A2991FA02}.Release|x64.Build.0 = Release|Any CPU
		{102DD964-6D0C-4546-A6BD-1C5A2991FA02}.Release|x86.ActiveCfg = Release|Any CPU
		{102DD964-6D0C-4546-A6BD-1C5A2991FA02}.Release|x86.Build.0 = Release|Any CPU
		{EC128005-2B5E-466B-AAC4-D00673DDA68E}.Debug|Any CPU.ActiveCfg = Debug|Any CPU
		{EC128005-2B5E-466B-AAC4-D00673DDA68E}.Debug|Any CPU.Build.0 = Debug|Any CPU
		{EC128005-2B5E-466B-AAC4-D00673DDA68E}.Debug|x64.ActiveCfg = Debug|Any CPU
		{EC128005-2B5E-466B-AAC4-D00673DDA68E}.Debug|x64.Build.0 = Debug|Any CPU
		{EC128005-2B5E-466B-AAC4-D00673DDA68E}.Debug|x86.ActiveCfg = Debug|Any CPU
		{EC128005-2B5E-466B-AAC4-D00673DDA68E}.Debug|x86.Build.0 = Debug|Any CPU
		{EC128005-2B5E-466B-AAC4-D00673DDA68E}.Release|Any CPU.ActiveCfg = Release|Any CPU
		{EC128005-2B5E-466B-AAC4-D00673DDA68E}.Release|Any CPU.Build.0 = Release|Any CPU
		{EC128005-2B5E-466B-AAC4-D00673DDA68E}.Release|x64.ActiveCfg = Release|Any CPU
		{EC128005-2B5E-466B-AAC4-D00673DDA68E}.Release|x64.Build.0 = Release|Any CPU
		{EC128005-2B5E-466B-AAC4-D00673DDA68E}.Release|x86.ActiveCfg = Release|Any CPU
		{EC128005-2B5E-466B-AAC4-D00673DDA68E}.Release|x86.Build.0 = Release|Any CPU
	EndGlobalSection
	GlobalSection(SolutionProperties) = preSolution
		HideSolutionNode = FALSE
	EndGlobalSection
	GlobalSection(ExtensibilityGlobals) = postSolution
		SolutionGuid = {A8255058-AABC-4442-B052-E7764C675909}
	EndGlobalSection
EndGlobal
